// !$*UTF8*$!
{
	archiveVersion = 1;
	classes = {
	};
	objectVersion = 46;
	objects = {

/* Begin PBXBuildFile section */
		8DD3B1641C95AE3E00DD5DA0 /* Fraction+Comparison.m in Sources */ = {isa = PBXBuildFile; fileRef = 8DD3B1631C95AE3E00DD5DA0 /* Fraction+Comparison.m */; };
		8DDE4DF01C95A0E800FD21D3 /* main.m in Sources */ = {isa = PBXBuildFile; fileRef = 8DDE4DEF1C95A0E800FD21D3 /* main.m */; };
		8DDE4DF81C95A1C900FD21D3 /* Fraction.m in Sources */ = {isa = PBXBuildFile; fileRef = 8DDE4DF71C95A1C900FD21D3 /* Fraction.m */; };
		8DDE4DFE1C95A54F00FD21D3 /* Fraction+MathOps.m in Sources */ = {isa = PBXBuildFile; fileRef = 8DDE4DFD1C95A54F00FD21D3 /* Fraction+MathOps.m */; };
/* End PBXBuildFile section */

/* Begin PBXCopyFilesBuildPhase section */
		8DDE4DEA1C95A0E800FD21D3 /* CopyFiles */ = {
			isa = PBXCopyFilesBuildPhase;
			buildActionMask = 2147483647;
			dstPath = /usr/share/man/man1/;
			dstSubfolderSpec = 0;
			files = (
			);
			runOnlyForDeploymentPostprocessing = 1;
		};
/* End PBXCopyFilesBuildPhase section */

/* Begin PBXFileReference section */
		8DD3B1621C95AE3E00DD5DA0 /* Fraction+Comparison.h */ = {isa = PBXFileReference; fileEncoding = 4; lastKnownFileType = sourcecode.c.h; path = "Fraction+Comparison.h"; sourceTree = "<group>"; };
		8DD3B1631C95AE3E00DD5DA0 /* Fraction+Comparison.m */ = {isa = PBXFileReference; fileEncoding = 4; lastKnownFileType = sourcecode.c.objc; path = "Fraction+Comparison.m"; sourceTree = "<group>"; };
		8DDE4DEC1C95A0E800FD21D3 /* 11-5-1 */ = {isa = PBXFileReference; explicitFileType = "compiled.mach-o.executable"; includeInIndex = 0; path = "11-5-1"; sourceTree = BUILT_PRODUCTS_DIR; };
		8DDE4DEF1C95A0E800FD21D3 /* main.m */ = {isa = PBXFileReference; lastKnownFileType = sourcecode.c.objc; path = main.m; sourceTree = "<group>"; };
		8DDE4DF61C95A1C900FD21D3 /* Fraction.h */ = {isa = PBXFileReference; fileEncoding = 4; lastKnownFileType = sourcecode.c.h; path = Fraction.h; sourceTree = "<group>"; };
		8DDE4DF71C95A1C900FD21D3 /* Fraction.m */ = {isa = PBXFileReference; fileEncoding = 4; lastKnownFileType = sourcecode.c.objc; path = Fraction.m; sourceTree = "<group>"; };
		8DDE4DFC1C95A54F00FD21D3 /* Fraction+MathOps.h */ = {isa = PBXFileReference; fileEncoding = 4; lastKnownFileType = sourcecode.c.h; path = "Fraction+MathOps.h"; sourceTree = "<group>"; };
		8DDE4DFD1C95A54F00FD21D3 /* Fraction+MathOps.m */ = {isa = PBXFileReference; fileEncoding = 4; lastKnownFileType = sourcecode.c.objc; path = "Fraction+MathOps.m"; sourceTree = "<group>"; };
/* End PBXFileReference section */

/* Begin PBXFrameworksBuildPhase section */
		8DDE4DE91C95A0E800FD21D3 /* Frameworks */ = {
			isa = PBXFrameworksBuildPhase;
			buildActionMask = 2147483647;
			files = (
			);
			runOnlyForDeploymentPostprocessing = 0;
		};
/* End PBXFrameworksBuildPhase section */

/* Begin PBXGroup section */
		8DDE4DE31C95A0E800FD21D3 = {
			isa = PBXGroup;
			children = (
				8DDE4DEE1C95A0E800FD21D3 /* 11-5-1 */,
				8DDE4DED1C95A0E800FD21D3 /* Products */,
			);
			sourceTree = "<group>";
		};
		8DDE4DED1C95A0E800FD21D3 /* Products */ = {
			isa = PBXGroup;
			children = (
				8DDE4DEC1C95A0E800FD21D3 /* 11-5-1 */,
			);
			name = Products;
			sourceTree = "<group>";
		};
		8DDE4DEE1C95A0E800FD21D3 /* 11-5-1 */ = {
			isa = PBXGroup;
			children = (
				8DDE4DEF1C95A0E800FD21D3 /* main.m */,
				8DDE4DF61C95A1C900FD21D3 /* Fraction.h */,
				8DDE4DF71C95A1C900FD21D3 /* Fraction.m */,
				8DD3B1621C95AE3E00DD5DA0 /* Fraction+Comparison.h */,
				8DD3B1631C95AE3E00DD5DA0 /* Fraction+Comparison.m */,
				8DDE4DFC1C95A54F00FD21D3 /* Fraction+MathOps.h */,
				8DDE4DFD1C95A54F00FD21D3 /* Fraction+MathOps.m */,
			);
			path = "11-5-1";
			sourceTree = "<group>";
		};
/* End PBXGroup section */

/* Begin PBXNativeTarget section */
		8DDE4DEB1C95A0E800FD21D3 /* 11-5-1 */ = {
			isa = PBXNativeTarget;
			buildConfigurationList = 8DDE4DF31C95A0E800FD21D3 /* Build configuration list for PBXNativeTarget "11-5-1" */;
			buildPhases = (
				8DDE4DE81C95A0E800FD21D3 /* Sources */,
				8DDE4DE91C95A0E800FD21D3 /* Frameworks */,
				8DDE4DEA1C95A0E800FD21D3 /* CopyFiles */,
			);
			buildRules = (
			);
			dependencies = (
			);
			name = "11-5-1";
			productName = "11-5-1";
			productReference = 8DDE4DEC1C95A0E800FD21D3 /* 11-5-1 */;
			productType = "com.apple.product-type.tool";
		};
/* End PBXNativeTarget section */

/* Begin PBXProject section */
		8DDE4DE41C95A0E800FD21D3 /* Project object */ = {
			isa = PBXProject;
			attributes = {
				LastUpgradeCheck = 0720;
				ORGANIZATIONNAME = BrookZero;
				TargetAttributes = {
					8DDE4DEB1C95A0E800FD21D3 = {
						CreatedOnToolsVersion = 7.2.1;
					};
				};
			};
			buildConfigurationList = 8DDE4DE71C95A0E800FD21D3 /* Build configuration list for PBXProject "11-5-1" */;
			compatibilityVersion = "Xcode 3.2";
			developmentRegion = English;
			hasScannedForEncodings = 0;
			knownRegions = (
				en,
			);
			mainGroup = 8DDE4DE31C95A0E800FD21D3;
			productRefGroup = 8DDE4DED1C95A0E800FD21D3 /* Products */;
			projectDirPath = "";
			projectRoot = "";
			targets = (
				8DDE4DEB1C95A0E800FD21D3 /* 11-5-1 */,
			);
		};
/* End PBXProject section */

/* Begin PBXSourcesBuildPhase section */
		8DDE4DE81C95A0E800FD21D3 /* Sources */ = {
			isa = PBXSourcesBuildPhase;
			buildActionMask = 2147483647;
			files = (
				8DD3B1641C95AE3E00DD5DA0 /* Fraction+Comparison.m in Sources */,
				8DDE4DF01C95A0E800FD21D3 /* main.m in Sources */,
				8DDE4DFE1C95A54F00FD21D3 /* Fraction+MathOps.m in Sources */,
				8DDE4DF81C95A1C900FD21D3 /* Fraction.m in Sources */,
			);
			runOnlyForDeploymentPostprocessing = 0;
		};
/* End PBXSourcesBuildPhase section */

/* Begin XCBuildConfiguration section */
		8DDE4DF11C95A0E800FD21D3 /* Debug */ = {
			isa = XCBuildConfiguration;
			buildSettings = {
				ALWAYS_SEARCH_USER_PATHS = NO;
				CLANG_CXX_LANGUAGE_STANDARD = "gnu++0x";
				CLANG_CXX_LIBRARY = "libc++";
				CLANG_ENABLE_MODULES = YES;
				CLANG_ENABLE_OBJC_ARC = YES;
				CLANG_WARN_BOOL_CONVERSION = YES;
				CLANG_WARN_CONSTANT_CONVERSION = YES;
				CLANG_WARN_DIRECT_OBJC_ISA_USAGE = YES_ERROR;
				CLANG_WARN_EMPTY_BODY = YES;
				CLANG_WARN_ENUM_CONVERSION = YES;
				CLANG_WARN_INT_CONVERSION = YES;
				CLANG_WARN_OBJC_ROOT_CLASS = YES_ERROR;
				CLANG_WARN_UNREACHABLE_CODE = YES;
				CLANG_WARN__DUPLICATE_METHOD_MATCH = YES;
				CODE_SIGN_IDENTITY = "-";
				COPY_PHASE_STRIP = NO;
				DEBUG_INFORMATION_FORMAT = dwarf;
				ENABLE_STRICT_OBJC_MSGSEND = YES;
				ENABLE_TESTABILITY = YES;
				GCC_C_LANGUAGE_STANDARD = gnu99;
				GCC_DYNAMIC_NO_PIC = NO;
				GCC_NO_COMMON_BLOCKS = YES;
				GCC_OPTIMIZATION_LEVEL = 0;
				GCC_PREPROCESSOR_DEFINITIONS = (
					"DEBUG=1",
					"$(inherited)",
				);
				GCC_WARN_64_TO_32_BIT_CONVERSION = YES;
				GCC_WARN_ABOUT_RETURN_TYPE = YES_ERROR;
				GCC_WARN_UNDECLARED_SELECTOR = YES;
				GCC_WARN_UNINITIALIZED_AUTOS = YES_AGGRESSIVE;
				GCC_WARN_UNUSED_FUNCTION = YES;
				GCC_WARN_UNUSED_VARIABLE = YES;
				MACOSX_DEPLOYMENT_TARGET = 10.11;
				MTL_ENABLE_DEBUG_INFO = YES;
				ONLY_ACTIVE_ARCH = YES;
				SDKROOT = macosx;
			};
			name = Debug;
		};
		8DDE4DF21C95A0E800FD21D3 /* Release */ = {
			isa = XCBuildConfiguration;
			buildSettings = {
				ALWAYS_SEARCH_USER_PATHS = NO;
				CLANG_CXX_LANGUAGE_STANDARD = "gnu++0x";
				CLANG_CXX_LIBRARY = "libc++";
				CLANG_ENABLE_MODULES = YES;
				CLANG_ENABLE_OBJC_ARC = YES;
				CLANG_WARN_BOOL_CONVERSION = YES;
				CLANG_WARN_CONSTANT_CONVERSION = YES;
				CLANG_WARN_DIRECT_OBJC_ISA_USAGE = YES_ERROR;
				CLANG_WARN_EMPTY_BODY = YES;
				CLANG_WARN_ENUM_CONVERSION = YES;
				CLANG_WARN_INT_CONVERSION = YES;
				CLANG_WARN_OBJC_ROOT_CLASS = YES_ERROR;
				CLANG_WARN_UNREACHABLE_CODE = YES;
				CLANG_WARN__DUPLICATE_METHOD_MATCH = YES;
				CODE_SIGN_IDENTITY = "-";
				COPY_PHASE_STRIP = NO;
				DEBUG_INFORMATION_FORMAT = "dwarf-with-dsym";
				ENABLE_NS_ASSERTIONS = NO;
				ENABLE_STRICT_OBJC_MSGSEND = YES;
				GCC_C_LANGUAGE_STANDARD = gnu99;
				GCC_NO_COMMON_BLOCKS = YES;
				GCC_WARN_64_TO_32_BIT_CONVERSION = YES;
				GCC_WARN_ABOUT_RETURN_TYPE = YES_ERROR;
				GCC_WARN_UNDECLARED_SELECTOR = YES;
				GCC_WARN_UNINITIALIZED_AUTOS = YES_AGGRESSIVE;
				GCC_WARN_UNUSED_FUNCTION = YES;
				GCC_WARN_UNUSED_VARIABLE = YES;
				MACOSX_DEPLOYMENT_TARGET = 10.11;
				MTL_ENABLE_DEBUG_INFO = NO;
				SDKROOT = macosx;
			};
			name = Release;
		};
		8DDE4DF41C95A0E800FD21D3 /* Debug */ = {
			isa = XCBuildConfiguration;
			buildSettings = {
				PRODUCT_NAME = "$(TARGET_NAME)";
			};
			name = Debug;
		};
		8DDE4DF51C95A0E800FD21D3 /* Release */ = {
			isa = XCBuildConfiguration;
			buildSettings = {
				PRODUCT_NAME = "$(TARGET_NAME)";
			};
			name = Release;
		};
/* End XCBuildConfiguration section */

/* Begin XCConfigurationList section */
		8DDE4DE71C95A0E800FD21D3 /* Build configuration list for PBXProject "11-5-1" */ = {
			isa = XCConfigurationList;
			buildConfigurations = (
				8DDE4DF11C95A0E800FD21D3 /* Debug */,
				8DDE4DF21C95A0E800FD21D3 /* Release */,
			);
			defaultConfigurationIsVisible = 0;
			defaultConfigurationName = Release;
		};
		8DDE4DF31C95A0E800FD21D3 /* Build configuration list for PBXNativeTarget "11-5-1" */ = {
			isa = XCConfigurationList;
			buildConfigurations = (
				8DDE4DF41C95A0E800FD21D3 /* Debug */,
				8DDE4DF51C95A0E800FD21D3 /* Release */,
			);
			defaultConfigurationIsVisible = 0;
			defaultConfigurationName = Release;
		};
/* End XCConfigurationList section */
	};
	rootObject = 8DDE4DE41C95A0E800FD21D3 /* Project object */;
}
