// !$*UTF8*$!
{
	archiveVersion = 1;
	classes = {
	};
	objectVersion = 46;
	objects = {

/* Begin PBXBuildFile section */
		8D1960611CAE500000F62634 /* ThirdViewController.m in Sources */ = {isa = PBXBuildFile; fileRef = 8D1960601CAE500000F62634 /* ThirdViewController.m */; };
		8D5661D71CAE48ED00492886 /* main.m in Sources */ = {isa = PBXBuildFile; fileRef = 8D5661D61CAE48ED00492886 /* main.m */; };
		8D5661DA1CAE48ED00492886 /* AppDelegate.m in Sources */ = {isa = PBXBuildFile; fileRef = 8D5661D91CAE48ED00492886 /* AppDelegate.m */; };
		8D5661DD1CAE48ED00492886 /* FirstViewController.m in Sources */ = {isa = PBXBuildFile; fileRef = 8D5661DC1CAE48ED00492886 /* FirstViewController.m */; };
		8D5661E01CAE48ED00492886 /* SecondViewController.m in Sources */ = {isa = PBXBuildFile; fileRef = 8D5661DF1CAE48ED00492886 /* SecondViewController.m */; };
		8D5661E31CAE48ED00492886 /* Main.storyboard in Resources */ = {isa = PBXBuildFile; fileRef = 8D5661E11CAE48ED00492886 /* Main.storyboard */; };
		8D5661E51CAE48ED00492886 /* Assets.xcassets in Resources */ = {isa = PBXBuildFile; fileRef = 8D5661E41CAE48ED00492886 /* Assets.xcassets */; };
		8D5661E81CAE48ED00492886 /* LaunchScreen.storyboard in Resources */ = {isa = PBXBuildFile; fileRef = 8D5661E61CAE48ED00492886 /* LaunchScreen.storyboard */; };
/* End PBXBuildFile section */

/* Begin PBXFileReference section */
		8D19605F1CAE500000F62634 /* ThirdViewController.h */ = {isa = PBXFileReference; fileEncoding = 4; lastKnownFileType = sourcecode.c.h; path = ThirdViewController.h; sourceTree = "<group>"; };
		8D1960601CAE500000F62634 /* ThirdViewController.m */ = {isa = PBXFileReference; fileEncoding = 4; lastKnownFileType = sourcecode.c.objc; path = ThirdViewController.m; sourceTree = "<group>"; };
		8D5661D21CAE48EC00492886 /* ncpassvalue.app */ = {isa = PBXFileReference; explicitFileType = wrapper.application; includeInIndex = 0; path = ncpassvalue.app; sourceTree = BUILT_PRODUCTS_DIR; };
		8D5661D61CAE48ED00492886 /* main.m */ = {isa = PBXFileReference; lastKnownFileType = sourcecode.c.objc; path = main.m; sourceTree = "<group>"; };
		8D5661D81CAE48ED00492886 /* AppDelegate.h */ = {isa = PBXFileReference; lastKnownFileType = sourcecode.c.h; path = AppDelegate.h; sourceTree = "<group>"; };
		8D5661D91CAE48ED00492886 /* AppDelegate.m */ = {isa = PBXFileReference; lastKnownFileType = sourcecode.c.objc; path = AppDelegate.m; sourceTree = "<group>"; };
		8D5661DB1CAE48ED00492886 /* FirstViewController.h */ = {isa = PBXFileReference; lastKnownFileType = sourcecode.c.h; path = FirstViewController.h; sourceTree = "<group>"; };
		8D5661DC1CAE48ED00492886 /* FirstViewController.m */ = {isa = PBXFileReference; lastKnownFileType = sourcecode.c.objc; path = FirstViewController.m; sourceTree = "<group>"; };
		8D5661DE1CAE48ED00492886 /* SecondViewController.h */ = {isa = PBXFileReference; lastKnownFileType = sourcecode.c.h; path = SecondViewController.h; sourceTree = "<group>"; };
		8D5661DF1CAE48ED00492886 /* SecondViewController.m */ = {isa = PBXFileReference; lastKnownFileType = sourcecode.c.objc; path = SecondViewController.m; sourceTree = "<group>"; };
		8D5661E21CAE48ED00492886 /* Base */ = {isa = PBXFileReference; lastKnownFileType = file.storyboard; name = Base; path = Base.lproj/Main.storyboard; sourceTree = "<group>"; };
		8D5661E41CAE48ED00492886 /* Assets.xcassets */ = {isa = PBXFileReference; lastKnownFileType = folder.assetcatalog; path = Assets.xcassets; sourceTree = "<group>"; };
		8D5661E71CAE48ED00492886 /* Base */ = {isa = PBXFileReference; lastKnownFileType = file.storyboard; name = Base; path = Base.lproj/LaunchScreen.storyboard; sourceTree = "<group>"; };
		8D5661E91CAE48ED00492886 /* Info.plist */ = {isa = PBXFileReference; lastKnownFileType = text.plist.xml; path = Info.plist; sourceTree = "<group>"; };
/* End PBXFileReference section */

/* Begin PBXFrameworksBuildPhase section */
		8D5661CF1CAE48EC00492886 /* Frameworks */ = {
			isa = PBXFrameworksBuildPhase;
			buildActionMask = 2147483647;
			files = (
			);
			runOnlyForDeploymentPostprocessing = 0;
		};
/* End PBXFrameworksBuildPhase section */

/* Begin PBXGroup section */
		8D5661C91CAE48EC00492886 = {
			isa = PBXGroup;
			children = (
				8D5661D41CAE48ED00492886 /* ncpassvalue */,
				8D5661D31CAE48EC00492886 /* Products */,
			);
			sourceTree = "<group>";
		};
		8D5661D31CAE48EC00492886 /* Products */ = {
			isa = PBXGroup;
			children = (
				8D5661D21CAE48EC00492886 /* ncpassvalue.app */,
			);
			name = Products;
			sourceTree = "<group>";
		};
		8D5661D41CAE48ED00492886 /* ncpassvalue */ = {
			isa = PBXGroup;
			children = (
				8D5661D81CAE48ED00492886 /* AppDelegate.h */,
				8D5661D91CAE48ED00492886 /* AppDelegate.m */,
				8D5661DB1CAE48ED00492886 /* FirstViewController.h */,
				8D5661DC1CAE48ED00492886 /* FirstViewController.m */,
				8D5661DE1CAE48ED00492886 /* SecondViewController.h */,
				8D5661DF1CAE48ED00492886 /* SecondViewController.m */,
				8D19605F1CAE500000F62634 /* ThirdViewController.h */,
				8D1960601CAE500000F62634 /* ThirdViewController.m */,
				8D5661E11CAE48ED00492886 /* Main.storyboard */,
				8D5661E41CAE48ED00492886 /* Assets.xcassets */,
				8D5661E61CAE48ED00492886 /* LaunchScreen.storyboard */,
				8D5661E91CAE48ED00492886 /* Info.plist */,
				8D5661D51CAE48ED00492886 /* Supporting Files */,
			);
			path = ncpassvalue;
			sourceTree = "<group>";
		};
		8D5661D51CAE48ED00492886 /* Supporting Files */ = {
			isa = PBXGroup;
			children = (
				8D5661D61CAE48ED00492886 /* main.m */,
			);
			name = "Supporting Files";
			sourceTree = "<group>";
		};
/* End PBXGroup section */

/* Begin PBXNativeTarget section */
		8D5661D11CAE48EC00492886 /* ncpassvalue */ = {
			isa = PBXNativeTarget;
			buildConfigurationList = 8D5661EC1CAE48ED00492886 /* Build configuration list for PBXNativeTarget "ncpassvalue" */;
			buildPhases = (
				8D5661CE1CAE48EC00492886 /* Sources */,
				8D5661CF1CAE48EC00492886 /* Frameworks */,
				8D5661D01CAE48EC00492886 /* Resources */,
			);
			buildRules = (
			);
			dependencies = (
			);
			name = ncpassvalue;
			productName = ncpassvalue;
			productReference = 8D5661D21CAE48EC00492886 /* ncpassvalue.app */;
			productType = "com.apple.product-type.application";
		};
/* End PBXNativeTarget section */

/* Begin PBXProject section */
		8D5661CA1CAE48EC00492886 /* Project object */ = {
			isa = PBXProject;
			attributes = {
				LastUpgradeCheck = 0730;
				ORGANIZATIONNAME = BrookZero;
				TargetAttributes = {
					8D5661D11CAE48EC00492886 = {
						CreatedOnToolsVersion = 7.3;
						DevelopmentTeam = KR45P2EQA9;
					};
				};
			};
			buildConfigurationList = 8D5661CD1CAE48EC00492886 /* Build configuration list for PBXProject "ncpassvalue" */;
			compatibilityVersion = "Xcode 3.2";
			developmentRegion = English;
			hasScannedForEncodings = 0;
			knownRegions = (
				en,
				Base,
			);
			mainGroup = 8D5661C91CAE48EC00492886;
			productRefGroup = 8D5661D31CAE48EC00492886 /* Products */;
			projectDirPath = "";
			projectRoot = "";
			targets = (
				8D5661D11CAE48EC00492886 /* ncpassvalue */,
			);
		};
/* End PBXProject section */

/* Begin PBXResourcesBuildPhase section */
		8D5661D01CAE48EC00492886 /* Resources */ = {
			isa = PBXResourcesBuildPhase;
			buildActionMask = 2147483647;
			files = (
				8D5661E81CAE48ED00492886 /* LaunchScreen.storyboard in Resources */,
				8D5661E51CAE48ED00492886 /* Assets.xcassets in Resources */,
				8D5661E31CAE48ED00492886 /* Main.storyboard in Resources */,
			);
			runOnlyForDeploymentPostprocessing = 0;
		};
/* End PBXResourcesBuildPhase section */

/* Begin PBXSourcesBuildPhase section */
		8D5661CE1CAE48EC00492886 /* Sources */ = {
			isa = PBXSourcesBuildPhase;
			buildActionMask = 2147483647;
			files = (
				8D5661E01CAE48ED00492886 /* SecondViewController.m in Sources */,
				8D1960611CAE500000F62634 /* ThirdViewController.m in Sources */,
				8D5661DA1CAE48ED00492886 /* AppDelegate.m in Sources */,
				8D5661DD1CAE48ED00492886 /* FirstViewController.m in Sources */,
				8D5661D71CAE48ED00492886 /* main.m in Sources */,
			);
			runOnlyForDeploymentPostprocessing = 0;
		};
/* End PBXSourcesBuildPhase section */

/* Begin PBXVariantGroup section */
		8D5661E11CAE48ED00492886 /* Main.storyboard */ = {
			isa = PBXVariantGroup;
			children = (
				8D5661E21CAE48ED00492886 /* Base */,
			);
			name = Main.storyboard;
			sourceTree = "<group>";
		};
		8D5661E61CAE48ED00492886 /* LaunchScreen.storyboard */ = {
			isa = PBXVariantGroup;
			children = (
				8D5661E71CAE48ED00492886 /* Base */,
			);
			name = LaunchScreen.storyboard;
			sourceTree = "<group>";
		};
/* End PBXVariantGroup section */

/* Begin XCBuildConfiguration section */
		8D5661EA1CAE48ED00492886 /* Debug */ = {
			isa = XCBuildConfiguration;
			buildSettings = {
				ALWAYS_SEARCH_USER_PATHS = NO;
				CLANG_ANALYZER_NONNULL = YES;
				CLANG_CXX_LANGUAGE_STANDARD = "gnu++0x";
				CLANG_CXX_LIBRARY = "libc++";
				CLANG_ENABLE_MODULES = YES;
				CLANG_ENABLE_OBJC_ARC = YES;
				CLANG_WARN_BOOL_CONVERSION = YES;
				CLANG_WARN_CONSTANT_CONVERSION = YES;
				CLANG_WARN_DIRECT_OBJC_ISA_USAGE = YES_ERROR;
				CLANG_WARN_EMPTY_BODY = YES;
				CLANG_WARN_ENUM_CONVERSION = YES;
				CLANG_WARN_INT_CONVERSION = YES;
				CLANG_WARN_OBJC_ROOT_CLASS = YES_ERROR;
				CLANG_WARN_UNREACHABLE_CODE = YES;
				CLANG_WARN__DUPLICATE_METHOD_MATCH = YES;
				"CODE_SIGN_IDENTITY[sdk=iphoneos*]" = "iPhone Developer";
				COPY_PHASE_STRIP = NO;
				DEBUG_INFORMATION_FORMAT = dwarf;
				ENABLE_STRICT_OBJC_MSGSEND = YES;
				ENABLE_TESTABILITY = YES;
				GCC_C_LANGUAGE_STANDARD = gnu99;
				GCC_DYNAMIC_NO_PIC = NO;
				GCC_NO_COMMON_BLOCKS = YES;
				GCC_OPTIMIZATION_LEVEL = 0;
				GCC_PREPROCESSOR_DEFINITIONS = (
					"DEBUG=1",
					"$(inherited)",
				);
				GCC_WARN_64_TO_32_BIT_CONVERSION = YES;
				GCC_WARN_ABOUT_RETURN_TYPE = YES_ERROR;
				GCC_WARN_UNDECLARED_SELECTOR = YES;
				GCC_WARN_UNINITIALIZED_AUTOS = YES_AGGRESSIVE;
				GCC_WARN_UNUSED_FUNCTION = YES;
				GCC_WARN_UNUSED_VARIABLE = YES;
				IPHONEOS_DEPLOYMENT_TARGET = 9.3;
				MTL_ENABLE_DEBUG_INFO = YES;
				ONLY_ACTIVE_ARCH = YES;
				SDKROOT = iphoneos;
			};
			name = Debug;
		};
		8D5661EB1CAE48ED00492886 /* Release */ = {
			isa = XCBuildConfiguration;
			buildSettings = {
				ALWAYS_SEARCH_USER_PATHS = NO;
				CLANG_ANALYZER_NONNULL = YES;
				CLANG_CXX_LANGUAGE_STANDARD = "gnu++0x";
				CLANG_CXX_LIBRARY = "libc++";
				CLANG_ENABLE_MODULES = YES;
				CLANG_ENABLE_OBJC_ARC = YES;
				CLANG_WARN_BOOL_CONVERSION = YES;
				CLANG_WARN_CONSTANT_CONVERSION = YES;
				CLANG_WARN_DIRECT_OBJC_ISA_USAGE = YES_ERROR;
				CLANG_WARN_EMPTY_BODY = YES;
				CLANG_WARN_ENUM_CONVERSION = YES;
				CLANG_WARN_INT_CONVERSION = YES;
				CLANG_WARN_OBJC_ROOT_CLASS = YES_ERROR;
				CLANG_WARN_UNREACHABLE_CODE = YES;
				CLANG_WARN__DUPLICATE_METHOD_MATCH = YES;
				"CODE_SIGN_IDENTITY[sdk=iphoneos*]" = "iPhone Developer";
				COPY_PHASE_STRIP = NO;
				DEBUG_INFORMATION_FORMAT = "dwarf-with-dsym";
				ENABLE_NS_ASSERTIONS = NO;
				ENABLE_STRICT_OBJC_MSGSEND = YES;
				GCC_C_LANGUAGE_STANDARD = gnu99;
				GCC_NO_COMMON_BLOCKS = YES;
				GCC_WARN_64_TO_32_BIT_CONVERSION = YES;
				GCC_WARN_ABOUT_RETURN_TYPE = YES_ERROR;
				GCC_WARN_UNDECLARED_SELECTOR = YES;
				GCC_WARN_UNINITIALIZED_AUTOS = YES_AGGRESSIVE;
				GCC_WARN_UNUSED_FUNCTION = YES;
				GCC_WARN_UNUSED_VARIABLE = YES;
				IPHONEOS_DEPLOYMENT_TARGET = 9.3;
				MTL_ENABLE_DEBUG_INFO = NO;
				SDKROOT = iphoneos;
				VALIDATE_PRODUCT = YES;
			};
			name = Release;
		};
		8D5661ED1CAE48ED00492886 /* Debug */ = {
			isa = XCBuildConfiguration;
			buildSettings = {
				ASSETCATALOG_COMPILER_APPICON_NAME = AppIcon;
				INFOPLIST_FILE = ncpassvalue/Info.plist;
				LD_RUNPATH_SEARCH_PATHS = "$(inherited) @executable_path/Frameworks";
				PRODUCT_BUNDLE_IDENTIFIER = com.LuoZhan.ncpassvalue;
				PRODUCT_NAME = "$(TARGET_NAME)";
			};
			name = Debug;
		};
		8D5661EE1CAE48ED00492886 /* Release */ = {
			isa = XCBuildConfiguration;
			buildSettings = {
				ASSETCATALOG_COMPILER_APPICON_NAME = AppIcon;
				INFOPLIST_FILE = ncpassvalue/Info.plist;
				LD_RUNPATH_SEARCH_PATHS = "$(inherited) @executable_path/Frameworks";
				PRODUCT_BUNDLE_IDENTIFIER = com.LuoZhan.ncpassvalue;
				PRODUCT_NAME = "$(TARGET_NAME)";
			};
			name = Release;
		};
/* End XCBuildConfiguration section */

/* Begin XCConfigurationList section */
		8D5661CD1CAE48EC00492886 /* Build configuration list for PBXProject "ncpassvalue" */ = {
			isa = XCConfigurationList;
			buildConfigurations = (
				8D5661EA1CAE48ED00492886 /* Debug */,
				8D5661EB1CAE48ED00492886 /* Release */,
			);
			defaultConfigurationIsVisible = 0;
			defaultConfigurationName = Release;
		};
		8D5661EC1CAE48ED00492886 /* Build configuration list for PBXNativeTarget "ncpassvalue" */ = {
			isa = XCConfigurationList;
			buildConfigurations = (
				8D5661ED1CAE48ED00492886 /* Debug */,
				8D5661EE1CAE48ED00492886 /* Release */,
			);
			defaultConfigurationIsVisible = 0;
			defaultConfigurationName = Release;
		};
/* End XCConfigurationList section */
	};
	rootObject = 8D5661CA1CAE48EC00492886 /* Project object */;
}
