// !$*UTF8*$!
{
	archiveVersion = 1;
	classes = {
	};
	objectVersion = 46;
	objects = {

/* Begin PBXBuildFile section */
		8D634CD91C92975D00B9099B /* main.m in Sources */ = {isa = PBXBuildFile; fileRef = 8D634CD81C92975D00B9099B /* main.m */; };
		8D634CE11C92976F00B9099B /* Complex.m in Sources */ = {isa = PBXBuildFile; fileRef = 8D634CE01C92976F00B9099B /* Complex.m */; };
		8DD464551C929A5900689D79 /* Fraction.m in Sources */ = {isa = PBXBuildFile; fileRef = 8DD464541C929A5900689D79 /* Fraction.m */; };
/* End PBXBuildFile section */

/* Begin PBXCopyFilesBuildPhase section */
		8D634CD31C92975D00B9099B /* CopyFiles */ = {
			isa = PBXCopyFilesBuildPhase;
			buildActionMask = 2147483647;
			dstPath = /usr/share/man/man1/;
			dstSubfolderSpec = 0;
			files = (
			);
			runOnlyForDeploymentPostprocessing = 1;
		};
/* End PBXCopyFilesBuildPhase section */

/* Begin PBXFileReference section */
		8D634CD51C92975D00B9099B /* duotai */ = {isa = PBXFileReference; explicitFileType = "compiled.mach-o.executable"; includeInIndex = 0; path = duotai; sourceTree = BUILT_PRODUCTS_DIR; };
		8D634CD81C92975D00B9099B /* main.m */ = {isa = PBXFileReference; lastKnownFileType = sourcecode.c.objc; path = main.m; sourceTree = "<group>"; };
		8D634CDF1C92976F00B9099B /* Complex.h */ = {isa = PBXFileReference; fileEncoding = 4; lastKnownFileType = sourcecode.c.h; name = Complex.h; path = ../Complex.h; sourceTree = "<group>"; };
		8D634CE01C92976F00B9099B /* Complex.m */ = {isa = PBXFileReference; fileEncoding = 4; lastKnownFileType = sourcecode.c.objc; name = Complex.m; path = ../Complex.m; sourceTree = "<group>"; };
		8DD464531C929A5900689D79 /* Fraction.h */ = {isa = PBXFileReference; fileEncoding = 4; lastKnownFileType = sourcecode.c.h; path = Fraction.h; sourceTree = "<group>"; };
		8DD464541C929A5900689D79 /* Fraction.m */ = {isa = PBXFileReference; fileEncoding = 4; lastKnownFileType = sourcecode.c.objc; path = Fraction.m; sourceTree = "<group>"; };
/* End PBXFileReference section */

/* Begin PBXFrameworksBuildPhase section */
		8D634CD21C92975D00B9099B /* Frameworks */ = {
			isa = PBXFrameworksBuildPhase;
			buildActionMask = 2147483647;
			files = (
			);
			runOnlyForDeploymentPostprocessing = 0;
		};
/* End PBXFrameworksBuildPhase section */

/* Begin PBXGroup section */
		8D634CCC1C92975D00B9099B = {
			isa = PBXGroup;
			children = (
				8D634CD71C92975D00B9099B /* duotai */,
				8D634CD61C92975D00B9099B /* Products */,
			);
			sourceTree = "<group>";
		};
		8D634CD61C92975D00B9099B /* Products */ = {
			isa = PBXGroup;
			children = (
				8D634CD51C92975D00B9099B /* duotai */,
			);
			name = Products;
			sourceTree = "<group>";
		};
		8D634CD71C92975D00B9099B /* duotai */ = {
			isa = PBXGroup;
			children = (
				8D634CD81C92975D00B9099B /* main.m */,
				8D634CDF1C92976F00B9099B /* Complex.h */,
				8D634CE01C92976F00B9099B /* Complex.m */,
				8DD464531C929A5900689D79 /* Fraction.h */,
				8DD464541C929A5900689D79 /* Fraction.m */,
			);
			path = duotai;
			sourceTree = "<group>";
		};
/* End PBXGroup section */

/* Begin PBXNativeTarget section */
		8D634CD41C92975D00B9099B /* duotai */ = {
			isa = PBXNativeTarget;
			buildConfigurationList = 8D634CDC1C92975D00B9099B /* Build configuration list for PBXNativeTarget "duotai" */;
			buildPhases = (
				8D634CD11C92975D00B9099B /* Sources */,
				8D634CD21C92975D00B9099B /* Frameworks */,
				8D634CD31C92975D00B9099B /* CopyFiles */,
			);
			buildRules = (
			);
			dependencies = (
			);
			name = duotai;
			productName = duotai;
			productReference = 8D634CD51C92975D00B9099B /* duotai */;
			productType = "com.apple.product-type.tool";
		};
/* End PBXNativeTarget section */

/* Begin PBXProject section */
		8D634CCD1C92975D00B9099B /* Project object */ = {
			isa = PBXProject;
			attributes = {
				LastUpgradeCheck = 0720;
				ORGANIZATIONNAME = BrookZero;
				TargetAttributes = {
					8D634CD41C92975D00B9099B = {
						CreatedOnToolsVersion = 7.2.1;
					};
				};
			};
			buildConfigurationList = 8D634CD01C92975D00B9099B /* Build configuration list for PBXProject "duotai" */;
			compatibilityVersion = "Xcode 3.2";
			developmentRegion = English;
			hasScannedForEncodings = 0;
			knownRegions = (
				en,
			);
			mainGroup = 8D634CCC1C92975D00B9099B;
			productRefGroup = 8D634CD61C92975D00B9099B /* Products */;
			projectDirPath = "";
			projectRoot = "";
			targets = (
				8D634CD41C92975D00B9099B /* duotai */,
			);
		};
/* End PBXProject section */

/* Begin PBXSourcesBuildPhase section */
		8D634CD11C92975D00B9099B /* Sources */ = {
			isa = PBXSourcesBuildPhase;
			buildActionMask = 2147483647;
			files = (
				8D634CE11C92976F00B9099B /* Complex.m in Sources */,
				8D634CD91C92975D00B9099B /* main.m in Sources */,
				8DD464551C929A5900689D79 /* Fraction.m in Sources */,
			);
			runOnlyForDeploymentPostprocessing = 0;
		};
/* End PBXSourcesBuildPhase section */

/* Begin XCBuildConfiguration section */
		8D634CDA1C92975D00B9099B /* Debug */ = {
			isa = XCBuildConfiguration;
			buildSettings = {
				ALWAYS_SEARCH_USER_PATHS = NO;
				CLANG_CXX_LANGUAGE_STANDARD = "gnu++0x";
				CLANG_CXX_LIBRARY = "libc++";
				CLANG_ENABLE_MODULES = YES;
				CLANG_ENABLE_OBJC_ARC = YES;
				CLANG_WARN_BOOL_CONVERSION = YES;
				CLANG_WARN_CONSTANT_CONVERSION = YES;
				CLANG_WARN_DIRECT_OBJC_ISA_USAGE = YES_ERROR;
				CLANG_WARN_EMPTY_BODY = YES;
				CLANG_WARN_ENUM_CONVERSION = YES;
				CLANG_WARN_INT_CONVERSION = YES;
				CLANG_WARN_OBJC_ROOT_CLASS = YES_ERROR;
				CLANG_WARN_UNREACHABLE_CODE = YES;
				CLANG_WARN__DUPLICATE_METHOD_MATCH = YES;
				CODE_SIGN_IDENTITY = "-";
				COPY_PHASE_STRIP = NO;
				DEBUG_INFORMATION_FORMAT = dwarf;
				ENABLE_STRICT_OBJC_MSGSEND = YES;
				ENABLE_TESTABILITY = YES;
				GCC_C_LANGUAGE_STANDARD = gnu99;
				GCC_DYNAMIC_NO_PIC = NO;
				GCC_NO_COMMON_BLOCKS = YES;
				GCC_OPTIMIZATION_LEVEL = 0;
				GCC_PREPROCESSOR_DEFINITIONS = (
					"DEBUG=1",
					"$(inherited)",
				);
				GCC_WARN_64_TO_32_BIT_CONVERSION = YES;
				GCC_WARN_ABOUT_RETURN_TYPE = YES_ERROR;
				GCC_WARN_UNDECLARED_SELECTOR = YES;
				GCC_WARN_UNINITIALIZED_AUTOS = YES_AGGRESSIVE;
				GCC_WARN_UNUSED_FUNCTION = YES;
				GCC_WARN_UNUSED_VARIABLE = YES;
				MACOSX_DEPLOYMENT_TARGET = 10.11;
				MTL_ENABLE_DEBUG_INFO = YES;
				ONLY_ACTIVE_ARCH = YES;
				SDKROOT = macosx;
			};
			name = Debug;
		};
		8D634CDB1C92975D00B9099B /* Release */ = {
			isa = XCBuildConfiguration;
			buildSettings = {
				ALWAYS_SEARCH_USER_PATHS = NO;
				CLANG_CXX_LANGUAGE_STANDARD = "gnu++0x";
				CLANG_CXX_LIBRARY = "libc++";
				CLANG_ENABLE_MODULES = YES;
				CLANG_ENABLE_OBJC_ARC = YES;
				CLANG_WARN_BOOL_CONVERSION = YES;
				CLANG_WARN_CONSTANT_CONVERSION = YES;
				CLANG_WARN_DIRECT_OBJC_ISA_USAGE = YES_ERROR;
				CLANG_WARN_EMPTY_BODY = YES;
				CLANG_WARN_ENUM_CONVERSION = YES;
				CLANG_WARN_INT_CONVERSION = YES;
				CLANG_WARN_OBJC_ROOT_CLASS = YES_ERROR;
				CLANG_WARN_UNREACHABLE_CODE = YES;
				CLANG_WARN__DUPLICATE_METHOD_MATCH = YES;
				CODE_SIGN_IDENTITY = "-";
				COPY_PHASE_STRIP = NO;
				DEBUG_INFORMATION_FORMAT = "dwarf-with-dsym";
				ENABLE_NS_ASSERTIONS = NO;
				ENABLE_STRICT_OBJC_MSGSEND = YES;
				GCC_C_LANGUAGE_STANDARD = gnu99;
				GCC_NO_COMMON_BLOCKS = YES;
				GCC_WARN_64_TO_32_BIT_CONVERSION = YES;
				GCC_WARN_ABOUT_RETURN_TYPE = YES_ERROR;
				GCC_WARN_UNDECLARED_SELECTOR = YES;
				GCC_WARN_UNINITIALIZED_AUTOS = YES_AGGRESSIVE;
				GCC_WARN_UNUSED_FUNCTION = YES;
				GCC_WARN_UNUSED_VARIABLE = YES;
				MACOSX_DEPLOYMENT_TARGET = 10.11;
				MTL_ENABLE_DEBUG_INFO = NO;
				SDKROOT = macosx;
			};
			name = Release;
		};
		8D634CDD1C92975D00B9099B /* Debug */ = {
			isa = XCBuildConfiguration;
			buildSettings = {
				PRODUCT_NAME = "$(TARGET_NAME)";
			};
			name = Debug;
		};
		8D634CDE1C92975D00B9099B /* Release */ = {
			isa = XCBuildConfiguration;
			buildSettings = {
				PRODUCT_NAME = "$(TARGET_NAME)";
			};
			name = Release;
		};
/* End XCBuildConfiguration section */

/* Begin XCConfigurationList section */
		8D634CD01C92975D00B9099B /* Build configuration list for PBXProject "duotai" */ = {
			isa = XCConfigurationList;
			buildConfigurations = (
				8D634CDA1C92975D00B9099B /* Debug */,
				8D634CDB1C92975D00B9099B /* Release */,
			);
			defaultConfigurationIsVisible = 0;
			defaultConfigurationName = Release;
		};
		8D634CDC1C92975D00B9099B /* Build configuration list for PBXNativeTarget "duotai" */ = {
			isa = XCConfigurationList;
			buildConfigurations = (
				8D634CDD1C92975D00B9099B /* Debug */,
				8D634CDE1C92975D00B9099B /* Release */,
			);
			defaultConfigurationIsVisible = 0;
			defaultConfigurationName = Release;
		};
/* End XCConfigurationList section */
	};
	rootObject = 8D634CCD1C92975D00B9099B /* Project object */;
}
