// !$*UTF8*$!
{
	archiveVersion = 1;
	classes = {
	};
	objectVersion = 46;
	objects = {

/* Begin PBXBuildFile section */
		8DF3A0851CA25C5A00FC150B /* main.m in Sources */ = {isa = PBXBuildFile; fileRef = 8DF3A0841CA25C5A00FC150B /* main.m */; };
		8DF3A08D1CA25E5600FC150B /* XYPoint.m in Sources */ = {isa = PBXBuildFile; fileRef = 8DF3A08C1CA25E5600FC150B /* XYPoint.m */; };
		8DF3A0901CA2646C00FC150B /* SubXYPoint.m in Sources */ = {isa = PBXBuildFile; fileRef = 8DF3A08F1CA2646C00FC150B /* SubXYPoint.m */; };
		8DF3A0931CA2658300FC150B /* Rectangle.m in Sources */ = {isa = PBXBuildFile; fileRef = 8DF3A0921CA2658300FC150B /* Rectangle.m */; };
/* End PBXBuildFile section */

/* Begin PBXCopyFilesBuildPhase section */
		8DF3A07F1CA25C5A00FC150B /* CopyFiles */ = {
			isa = PBXCopyFilesBuildPhase;
			buildActionMask = 2147483647;
			dstPath = /usr/share/man/man1/;
			dstSubfolderSpec = 0;
			files = (
			);
			runOnlyForDeploymentPostprocessing = 1;
		};
/* End PBXCopyFilesBuildPhase section */

/* Begin PBXFileReference section */
		8DF3A0811CA25C5A00FC150B /* 16-3-23-1 */ = {isa = PBXFileReference; explicitFileType = "compiled.mach-o.executable"; includeInIndex = 0; path = "16-3-23-1"; sourceTree = BUILT_PRODUCTS_DIR; };
		8DF3A0841CA25C5A00FC150B /* main.m */ = {isa = PBXFileReference; lastKnownFileType = sourcecode.c.objc; path = main.m; sourceTree = "<group>"; };
		8DF3A08B1CA25E5600FC150B /* XYPoint.h */ = {isa = PBXFileReference; fileEncoding = 4; lastKnownFileType = sourcecode.c.h; path = XYPoint.h; sourceTree = "<group>"; };
		8DF3A08C1CA25E5600FC150B /* XYPoint.m */ = {isa = PBXFileReference; fileEncoding = 4; lastKnownFileType = sourcecode.c.objc; path = XYPoint.m; sourceTree = "<group>"; };
		8DF3A08E1CA2646C00FC150B /* SubXYPoint.h */ = {isa = PBXFileReference; fileEncoding = 4; lastKnownFileType = sourcecode.c.h; path = SubXYPoint.h; sourceTree = "<group>"; };
		8DF3A08F1CA2646C00FC150B /* SubXYPoint.m */ = {isa = PBXFileReference; fileEncoding = 4; lastKnownFileType = sourcecode.c.objc; path = SubXYPoint.m; sourceTree = "<group>"; };
		8DF3A0911CA2658300FC150B /* Rectangle.h */ = {isa = PBXFileReference; fileEncoding = 4; lastKnownFileType = sourcecode.c.h; path = Rectangle.h; sourceTree = "<group>"; };
		8DF3A0921CA2658300FC150B /* Rectangle.m */ = {isa = PBXFileReference; fileEncoding = 4; lastKnownFileType = sourcecode.c.objc; path = Rectangle.m; sourceTree = "<group>"; };
/* End PBXFileReference section */

/* Begin PBXFrameworksBuildPhase section */
		8DF3A07E1CA25C5A00FC150B /* Frameworks */ = {
			isa = PBXFrameworksBuildPhase;
			buildActionMask = 2147483647;
			files = (
			);
			runOnlyForDeploymentPostprocessing = 0;
		};
/* End PBXFrameworksBuildPhase section */

/* Begin PBXGroup section */
		8DF3A0781CA25C5A00FC150B = {
			isa = PBXGroup;
			children = (
				8DF3A0831CA25C5A00FC150B /* 16-3-23-1 */,
				8DF3A0821CA25C5A00FC150B /* Products */,
			);
			sourceTree = "<group>";
		};
		8DF3A0821CA25C5A00FC150B /* Products */ = {
			isa = PBXGroup;
			children = (
				8DF3A0811CA25C5A00FC150B /* 16-3-23-1 */,
			);
			name = Products;
			sourceTree = "<group>";
		};
		8DF3A0831CA25C5A00FC150B /* 16-3-23-1 */ = {
			isa = PBXGroup;
			children = (
				8DF3A0841CA25C5A00FC150B /* main.m */,
				8DF3A08E1CA2646C00FC150B /* SubXYPoint.h */,
				8DF3A08F1CA2646C00FC150B /* SubXYPoint.m */,
				8DF3A0911CA2658300FC150B /* Rectangle.h */,
				8DF3A0921CA2658300FC150B /* Rectangle.m */,
				8DF3A08B1CA25E5600FC150B /* XYPoint.h */,
				8DF3A08C1CA25E5600FC150B /* XYPoint.m */,
			);
			path = "16-3-23-1";
			sourceTree = "<group>";
		};
/* End PBXGroup section */

/* Begin PBXNativeTarget section */
		8DF3A0801CA25C5A00FC150B /* 16-3-23-1 */ = {
			isa = PBXNativeTarget;
			buildConfigurationList = 8DF3A0881CA25C5A00FC150B /* Build configuration list for PBXNativeTarget "16-3-23-1" */;
			buildPhases = (
				8DF3A07D1CA25C5A00FC150B /* Sources */,
				8DF3A07E1CA25C5A00FC150B /* Frameworks */,
				8DF3A07F1CA25C5A00FC150B /* CopyFiles */,
			);
			buildRules = (
			);
			dependencies = (
			);
			name = "16-3-23-1";
			productName = "16-3-23-1";
			productReference = 8DF3A0811CA25C5A00FC150B /* 16-3-23-1 */;
			productType = "com.apple.product-type.tool";
		};
/* End PBXNativeTarget section */

/* Begin PBXProject section */
		8DF3A0791CA25C5A00FC150B /* Project object */ = {
			isa = PBXProject;
			attributes = {
				LastUpgradeCheck = 0720;
				ORGANIZATIONNAME = BrookZero;
				TargetAttributes = {
					8DF3A0801CA25C5A00FC150B = {
						CreatedOnToolsVersion = 7.2.1;
					};
				};
			};
			buildConfigurationList = 8DF3A07C1CA25C5A00FC150B /* Build configuration list for PBXProject "16-3-23-1" */;
			compatibilityVersion = "Xcode 3.2";
			developmentRegion = English;
			hasScannedForEncodings = 0;
			knownRegions = (
				en,
			);
			mainGroup = 8DF3A0781CA25C5A00FC150B;
			productRefGroup = 8DF3A0821CA25C5A00FC150B /* Products */;
			projectDirPath = "";
			projectRoot = "";
			targets = (
				8DF3A0801CA25C5A00FC150B /* 16-3-23-1 */,
			);
		};
/* End PBXProject section */

/* Begin PBXSourcesBuildPhase section */
		8DF3A07D1CA25C5A00FC150B /* Sources */ = {
			isa = PBXSourcesBuildPhase;
			buildActionMask = 2147483647;
			files = (
				8DF3A0851CA25C5A00FC150B /* main.m in Sources */,
				8DF3A0901CA2646C00FC150B /* SubXYPoint.m in Sources */,
				8DF3A08D1CA25E5600FC150B /* XYPoint.m in Sources */,
				8DF3A0931CA2658300FC150B /* Rectangle.m in Sources */,
			);
			runOnlyForDeploymentPostprocessing = 0;
		};
/* End PBXSourcesBuildPhase section */

/* Begin XCBuildConfiguration section */
		8DF3A0861CA25C5A00FC150B /* Debug */ = {
			isa = XCBuildConfiguration;
			buildSettings = {
				ALWAYS_SEARCH_USER_PATHS = NO;
				CLANG_CXX_LANGUAGE_STANDARD = "gnu++0x";
				CLANG_CXX_LIBRARY = "libc++";
				CLANG_ENABLE_MODULES = YES;
				CLANG_ENABLE_OBJC_ARC = YES;
				CLANG_WARN_BOOL_CONVERSION = YES;
				CLANG_WARN_CONSTANT_CONVERSION = YES;
				CLANG_WARN_DIRECT_OBJC_ISA_USAGE = YES_ERROR;
				CLANG_WARN_EMPTY_BODY = YES;
				CLANG_WARN_ENUM_CONVERSION = YES;
				CLANG_WARN_INT_CONVERSION = YES;
				CLANG_WARN_OBJC_ROOT_CLASS = YES_ERROR;
				CLANG_WARN_UNREACHABLE_CODE = YES;
				CLANG_WARN__DUPLICATE_METHOD_MATCH = YES;
				CODE_SIGN_IDENTITY = "-";
				COPY_PHASE_STRIP = NO;
				DEBUG_INFORMATION_FORMAT = dwarf;
				ENABLE_STRICT_OBJC_MSGSEND = YES;
				ENABLE_TESTABILITY = YES;
				GCC_C_LANGUAGE_STANDARD = gnu99;
				GCC_DYNAMIC_NO_PIC = NO;
				GCC_NO_COMMON_BLOCKS = YES;
				GCC_OPTIMIZATION_LEVEL = 0;
				GCC_PREPROCESSOR_DEFINITIONS = (
					"DEBUG=1",
					"$(inherited)",
				);
				GCC_WARN_64_TO_32_BIT_CONVERSION = YES;
				GCC_WARN_ABOUT_RETURN_TYPE = YES_ERROR;
				GCC_WARN_UNDECLARED_SELECTOR = YES;
				GCC_WARN_UNINITIALIZED_AUTOS = YES_AGGRESSIVE;
				GCC_WARN_UNUSED_FUNCTION = YES;
				GCC_WARN_UNUSED_VARIABLE = YES;
				MACOSX_DEPLOYMENT_TARGET = 10.11;
				MTL_ENABLE_DEBUG_INFO = YES;
				ONLY_ACTIVE_ARCH = YES;
				SDKROOT = macosx;
			};
			name = Debug;
		};
		8DF3A0871CA25C5A00FC150B /* Release */ = {
			isa = XCBuildConfiguration;
			buildSettings = {
				ALWAYS_SEARCH_USER_PATHS = NO;
				CLANG_CXX_LANGUAGE_STANDARD = "gnu++0x";
				CLANG_CXX_LIBRARY = "libc++";
				CLANG_ENABLE_MODULES = YES;
				CLANG_ENABLE_OBJC_ARC = YES;
				CLANG_WARN_BOOL_CONVERSION = YES;
				CLANG_WARN_CONSTANT_CONVERSION = YES;
				CLANG_WARN_DIRECT_OBJC_ISA_USAGE = YES_ERROR;
				CLANG_WARN_EMPTY_BODY = YES;
				CLANG_WARN_ENUM_CONVERSION = YES;
				CLANG_WARN_INT_CONVERSION = YES;
				CLANG_WARN_OBJC_ROOT_CLASS = YES_ERROR;
				CLANG_WARN_UNREACHABLE_CODE = YES;
				CLANG_WARN__DUPLICATE_METHOD_MATCH = YES;
				CODE_SIGN_IDENTITY = "-";
				COPY_PHASE_STRIP = NO;
				DEBUG_INFORMATION_FORMAT = "dwarf-with-dsym";
				ENABLE_NS_ASSERTIONS = NO;
				ENABLE_STRICT_OBJC_MSGSEND = YES;
				GCC_C_LANGUAGE_STANDARD = gnu99;
				GCC_NO_COMMON_BLOCKS = YES;
				GCC_WARN_64_TO_32_BIT_CONVERSION = YES;
				GCC_WARN_ABOUT_RETURN_TYPE = YES_ERROR;
				GCC_WARN_UNDECLARED_SELECTOR = YES;
				GCC_WARN_UNINITIALIZED_AUTOS = YES_AGGRESSIVE;
				GCC_WARN_UNUSED_FUNCTION = YES;
				GCC_WARN_UNUSED_VARIABLE = YES;
				MACOSX_DEPLOYMENT_TARGET = 10.11;
				MTL_ENABLE_DEBUG_INFO = NO;
				SDKROOT = macosx;
			};
			name = Release;
		};
		8DF3A0891CA25C5A00FC150B /* Debug */ = {
			isa = XCBuildConfiguration;
			buildSettings = {
				PRODUCT_NAME = "$(TARGET_NAME)";
			};
			name = Debug;
		};
		8DF3A08A1CA25C5A00FC150B /* Release */ = {
			isa = XCBuildConfiguration;
			buildSettings = {
				PRODUCT_NAME = "$(TARGET_NAME)";
			};
			name = Release;
		};
/* End XCBuildConfiguration section */

/* Begin XCConfigurationList section */
		8DF3A07C1CA25C5A00FC150B /* Build configuration list for PBXProject "16-3-23-1" */ = {
			isa = XCConfigurationList;
			buildConfigurations = (
				8DF3A0861CA25C5A00FC150B /* Debug */,
				8DF3A0871CA25C5A00FC150B /* Release */,
			);
			defaultConfigurationIsVisible = 0;
			defaultConfigurationName = Release;
		};
		8DF3A0881CA25C5A00FC150B /* Build configuration list for PBXNativeTarget "16-3-23-1" */ = {
			isa = XCConfigurationList;
			buildConfigurations = (
				8DF3A0891CA25C5A00FC150B /* Debug */,
				8DF3A08A1CA25C5A00FC150B /* Release */,
			);
			defaultConfigurationIsVisible = 0;
		};
/* End XCConfigurationList section */
	};
	rootObject = 8DF3A0791CA25C5A00FC150B /* Project object */;
}
