// !$*UTF8*$!
{
	archiveVersion = 1;
	classes = {
	};
	objectVersion = 46;
	objects = {

/* Begin PBXBuildFile section */
		8D01CF071C9BC2EE008F0EEB /* main.m in Sources */ = {isa = PBXBuildFile; fileRef = 8D01CF061C9BC2EE008F0EEB /* main.m */; };
		8D01CF0A1C9BC2EE008F0EEB /* AppDelegate.m in Sources */ = {isa = PBXBuildFile; fileRef = 8D01CF091C9BC2EE008F0EEB /* AppDelegate.m */; };
		8D01CF0D1C9BC2EE008F0EEB /* ViewController.m in Sources */ = {isa = PBXBuildFile; fileRef = 8D01CF0C1C9BC2EE008F0EEB /* ViewController.m */; };
		8D01CF101C9BC2EE008F0EEB /* Main.storyboard in Resources */ = {isa = PBXBuildFile; fileRef = 8D01CF0E1C9BC2EE008F0EEB /* Main.storyboard */; };
		8D01CF121C9BC2EE008F0EEB /* Assets.xcassets in Resources */ = {isa = PBXBuildFile; fileRef = 8D01CF111C9BC2EE008F0EEB /* Assets.xcassets */; };
		8D01CF151C9BC2EE008F0EEB /* LaunchScreen.storyboard in Resources */ = {isa = PBXBuildFile; fileRef = 8D01CF131C9BC2EE008F0EEB /* LaunchScreen.storyboard */; };
/* End PBXBuildFile section */

/* Begin PBXFileReference section */
		8D01CF021C9BC2EE008F0EEB /* 16-3-18-1scrollview.app */ = {isa = PBXFileReference; explicitFileType = wrapper.application; includeInIndex = 0; path = "16-3-18-1scrollview.app"; sourceTree = BUILT_PRODUCTS_DIR; };
		8D01CF061C9BC2EE008F0EEB /* main.m */ = {isa = PBXFileReference; lastKnownFileType = sourcecode.c.objc; path = main.m; sourceTree = "<group>"; };
		8D01CF081C9BC2EE008F0EEB /* AppDelegate.h */ = {isa = PBXFileReference; lastKnownFileType = sourcecode.c.h; path = AppDelegate.h; sourceTree = "<group>"; };
		8D01CF091C9BC2EE008F0EEB /* AppDelegate.m */ = {isa = PBXFileReference; lastKnownFileType = sourcecode.c.objc; path = AppDelegate.m; sourceTree = "<group>"; };
		8D01CF0B1C9BC2EE008F0EEB /* ViewController.h */ = {isa = PBXFileReference; lastKnownFileType = sourcecode.c.h; path = ViewController.h; sourceTree = "<group>"; };
		8D01CF0C1C9BC2EE008F0EEB /* ViewController.m */ = {isa = PBXFileReference; lastKnownFileType = sourcecode.c.objc; path = ViewController.m; sourceTree = "<group>"; };
		8D01CF0F1C9BC2EE008F0EEB /* Base */ = {isa = PBXFileReference; lastKnownFileType = file.storyboard; name = Base; path = Base.lproj/Main.storyboard; sourceTree = "<group>"; };
		8D01CF111C9BC2EE008F0EEB /* Assets.xcassets */ = {isa = PBXFileReference; lastKnownFileType = folder.assetcatalog; path = Assets.xcassets; sourceTree = "<group>"; };
		8D01CF141C9BC2EE008F0EEB /* Base */ = {isa = PBXFileReference; lastKnownFileType = file.storyboard; name = Base; path = Base.lproj/LaunchScreen.storyboard; sourceTree = "<group>"; };
		8D01CF161C9BC2EE008F0EEB /* Info.plist */ = {isa = PBXFileReference; lastKnownFileType = text.plist.xml; path = Info.plist; sourceTree = "<group>"; };
/* End PBXFileReference section */

/* Begin PBXFrameworksBuildPhase section */
		8D01CEFF1C9BC2EE008F0EEB /* Frameworks */ = {
			isa = PBXFrameworksBuildPhase;
			buildActionMask = 2147483647;
			files = (
			);
			runOnlyForDeploymentPostprocessing = 0;
		};
/* End PBXFrameworksBuildPhase section */

/* Begin PBXGroup section */
		8D01CEF91C9BC2EE008F0EEB = {
			isa = PBXGroup;
			children = (
				8D01CF041C9BC2EE008F0EEB /* 16-3-18-1scrollview */,
				8D01CF031C9BC2EE008F0EEB /* Products */,
			);
			sourceTree = "<group>";
		};
		8D01CF031C9BC2EE008F0EEB /* Products */ = {
			isa = PBXGroup;
			children = (
				8D01CF021C9BC2EE008F0EEB /* 16-3-18-1scrollview.app */,
			);
			name = Products;
			sourceTree = "<group>";
		};
		8D01CF041C9BC2EE008F0EEB /* 16-3-18-1scrollview */ = {
			isa = PBXGroup;
			children = (
				8D01CF081C9BC2EE008F0EEB /* AppDelegate.h */,
				8D01CF091C9BC2EE008F0EEB /* AppDelegate.m */,
				8D01CF0B1C9BC2EE008F0EEB /* ViewController.h */,
				8D01CF0C1C9BC2EE008F0EEB /* ViewController.m */,
				8D01CF0E1C9BC2EE008F0EEB /* Main.storyboard */,
				8D01CF111C9BC2EE008F0EEB /* Assets.xcassets */,
				8D01CF131C9BC2EE008F0EEB /* LaunchScreen.storyboard */,
				8D01CF161C9BC2EE008F0EEB /* Info.plist */,
				8D01CF051C9BC2EE008F0EEB /* Supporting Files */,
			);
			path = "16-3-18-1scrollview";
			sourceTree = "<group>";
		};
		8D01CF051C9BC2EE008F0EEB /* Supporting Files */ = {
			isa = PBXGroup;
			children = (
				8D01CF061C9BC2EE008F0EEB /* main.m */,
			);
			name = "Supporting Files";
			sourceTree = "<group>";
		};
/* End PBXGroup section */

/* Begin PBXNativeTarget section */
		8D01CF011C9BC2EE008F0EEB /* 16-3-18-1scrollview */ = {
			isa = PBXNativeTarget;
			buildConfigurationList = 8D01CF191C9BC2EE008F0EEB /* Build configuration list for PBXNativeTarget "16-3-18-1scrollview" */;
			buildPhases = (
				8D01CEFE1C9BC2EE008F0EEB /* Sources */,
				8D01CEFF1C9BC2EE008F0EEB /* Frameworks */,
				8D01CF001C9BC2EE008F0EEB /* Resources */,
			);
			buildRules = (
			);
			dependencies = (
			);
			name = "16-3-18-1scrollview";
			productName = "16-3-18-1scrollview";
			productReference = 8D01CF021C9BC2EE008F0EEB /* 16-3-18-1scrollview.app */;
			productType = "com.apple.product-type.application";
		};
/* End PBXNativeTarget section */

/* Begin PBXProject section */
		8D01CEFA1C9BC2EE008F0EEB /* Project object */ = {
			isa = PBXProject;
			attributes = {
				LastUpgradeCheck = 0720;
				ORGANIZATIONNAME = BrookZero;
				TargetAttributes = {
					8D01CF011C9BC2EE008F0EEB = {
						CreatedOnToolsVersion = 7.2.1;
						DevelopmentTeam = KR45P2EQA9;
					};
				};
			};
			buildConfigurationList = 8D01CEFD1C9BC2EE008F0EEB /* Build configuration list for PBXProject "16-3-18-1scrollview" */;
			compatibilityVersion = "Xcode 3.2";
			developmentRegion = English;
			hasScannedForEncodings = 0;
			knownRegions = (
				en,
				Base,
			);
			mainGroup = 8D01CEF91C9BC2EE008F0EEB;
			productRefGroup = 8D01CF031C9BC2EE008F0EEB /* Products */;
			projectDirPath = "";
			projectRoot = "";
			targets = (
				8D01CF011C9BC2EE008F0EEB /* 16-3-18-1scrollview */,
			);
		};
/* End PBXProject section */

/* Begin PBXResourcesBuildPhase section */
		8D01CF001C9BC2EE008F0EEB /* Resources */ = {
			isa = PBXResourcesBuildPhase;
			buildActionMask = 2147483647;
			files = (
				8D01CF151C9BC2EE008F0EEB /* LaunchScreen.storyboard in Resources */,
				8D01CF121C9BC2EE008F0EEB /* Assets.xcassets in Resources */,
				8D01CF101C9BC2EE008F0EEB /* Main.storyboard in Resources */,
			);
			runOnlyForDeploymentPostprocessing = 0;
		};
/* End PBXResourcesBuildPhase section */

/* Begin PBXSourcesBuildPhase section */
		8D01CEFE1C9BC2EE008F0EEB /* Sources */ = {
			isa = PBXSourcesBuildPhase;
			buildActionMask = 2147483647;
			files = (
				8D01CF0D1C9BC2EE008F0EEB /* ViewController.m in Sources */,
				8D01CF0A1C9BC2EE008F0EEB /* AppDelegate.m in Sources */,
				8D01CF071C9BC2EE008F0EEB /* main.m in Sources */,
			);
			runOnlyForDeploymentPostprocessing = 0;
		};
/* End PBXSourcesBuildPhase section */

/* Begin PBXVariantGroup section */
		8D01CF0E1C9BC2EE008F0EEB /* Main.storyboard */ = {
			isa = PBXVariantGroup;
			children = (
				8D01CF0F1C9BC2EE008F0EEB /* Base */,
			);
			name = Main.storyboard;
			sourceTree = "<group>";
		};
		8D01CF131C9BC2EE008F0EEB /* LaunchScreen.storyboard */ = {
			isa = PBXVariantGroup;
			children = (
				8D01CF141C9BC2EE008F0EEB /* Base */,
			);
			name = LaunchScreen.storyboard;
			sourceTree = "<group>";
		};
/* End PBXVariantGroup section */

/* Begin XCBuildConfiguration section */
		8D01CF171C9BC2EE008F0EEB /* Debug */ = {
			isa = XCBuildConfiguration;
			buildSettings = {
				ALWAYS_SEARCH_USER_PATHS = NO;
				CLANG_CXX_LANGUAGE_STANDARD = "gnu++0x";
				CLANG_CXX_LIBRARY = "libc++";
				CLANG_ENABLE_MODULES = YES;
				CLANG_ENABLE_OBJC_ARC = YES;
				CLANG_WARN_BOOL_CONVERSION = YES;
				CLANG_WARN_CONSTANT_CONVERSION = YES;
				CLANG_WARN_DIRECT_OBJC_ISA_USAGE = YES_ERROR;
				CLANG_WARN_EMPTY_BODY = YES;
				CLANG_WARN_ENUM_CONVERSION = YES;
				CLANG_WARN_INT_CONVERSION = YES;
				CLANG_WARN_OBJC_ROOT_CLASS = YES_ERROR;
				CLANG_WARN_UNREACHABLE_CODE = YES;
				CLANG_WARN__DUPLICATE_METHOD_MATCH = YES;
				"CODE_SIGN_IDENTITY[sdk=iphoneos*]" = "iPhone Developer";
				COPY_PHASE_STRIP = NO;
				DEBUG_INFORMATION_FORMAT = dwarf;
				ENABLE_STRICT_OBJC_MSGSEND = YES;
				ENABLE_TESTABILITY = YES;
				GCC_C_LANGUAGE_STANDARD = gnu99;
				GCC_DYNAMIC_NO_PIC = NO;
				GCC_NO_COMMON_BLOCKS = YES;
				GCC_OPTIMIZATION_LEVEL = 0;
				GCC_PREPROCESSOR_DEFINITIONS = (
					"DEBUG=1",
					"$(inherited)",
				);
				GCC_WARN_64_TO_32_BIT_CONVERSION = YES;
				GCC_WARN_ABOUT_RETURN_TYPE = YES_ERROR;
				GCC_WARN_UNDECLARED_SELECTOR = YES;
				GCC_WARN_UNINITIALIZED_AUTOS = YES_AGGRESSIVE;
				GCC_WARN_UNUSED_FUNCTION = YES;
				GCC_WARN_UNUSED_VARIABLE = YES;
				IPHONEOS_DEPLOYMENT_TARGET = 9.2;
				MTL_ENABLE_DEBUG_INFO = YES;
				ONLY_ACTIVE_ARCH = YES;
				SDKROOT = iphoneos;
			};
			name = Debug;
		};
		8D01CF181C9BC2EE008F0EEB /* Release */ = {
			isa = XCBuildConfiguration;
			buildSettings = {
				ALWAYS_SEARCH_USER_PATHS = NO;
				CLANG_CXX_LANGUAGE_STANDARD = "gnu++0x";
				CLANG_CXX_LIBRARY = "libc++";
				CLANG_ENABLE_MODULES = YES;
				CLANG_ENABLE_OBJC_ARC = YES;
				CLANG_WARN_BOOL_CONVERSION = YES;
				CLANG_WARN_CONSTANT_CONVERSION = YES;
				CLANG_WARN_DIRECT_OBJC_ISA_USAGE = YES_ERROR;
				CLANG_WARN_EMPTY_BODY = YES;
				CLANG_WARN_ENUM_CONVERSION = YES;
				CLANG_WARN_INT_CONVERSION = YES;
				CLANG_WARN_OBJC_ROOT_CLASS = YES_ERROR;
				CLANG_WARN_UNREACHABLE_CODE = YES;
				CLANG_WARN__DUPLICATE_METHOD_MATCH = YES;
				"CODE_SIGN_IDENTITY[sdk=iphoneos*]" = "iPhone Developer";
				COPY_PHASE_STRIP = NO;
				DEBUG_INFORMATION_FORMAT = "dwarf-with-dsym";
				ENABLE_NS_ASSERTIONS = NO;
				ENABLE_STRICT_OBJC_MSGSEND = YES;
				GCC_C_LANGUAGE_STANDARD = gnu99;
				GCC_NO_COMMON_BLOCKS = YES;
				GCC_WARN_64_TO_32_BIT_CONVERSION = YES;
				GCC_WARN_ABOUT_RETURN_TYPE = YES_ERROR;
				GCC_WARN_UNDECLARED_SELECTOR = YES;
				GCC_WARN_UNINITIALIZED_AUTOS = YES_AGGRESSIVE;
				GCC_WARN_UNUSED_FUNCTION = YES;
				GCC_WARN_UNUSED_VARIABLE = YES;
				IPHONEOS_DEPLOYMENT_TARGET = 9.2;
				MTL_ENABLE_DEBUG_INFO = NO;
				SDKROOT = iphoneos;
				VALIDATE_PRODUCT = YES;
			};
			name = Release;
		};
		8D01CF1A1C9BC2EE008F0EEB /* Debug */ = {
			isa = XCBuildConfiguration;
			buildSettings = {
				ASSETCATALOG_COMPILER_APPICON_NAME = AppIcon;
				INFOPLIST_FILE = "16-3-18-1scrollview/Info.plist";
				LD_RUNPATH_SEARCH_PATHS = "$(inherited) @executable_path/Frameworks";
				PRODUCT_BUNDLE_IDENTIFIER = "com.LuoZhan.-6-3-18-1scrollview";
				PRODUCT_NAME = "$(TARGET_NAME)";
			};
			name = Debug;
		};
		8D01CF1B1C9BC2EE008F0EEB /* Release */ = {
			isa = XCBuildConfiguration;
			buildSettings = {
				ASSETCATALOG_COMPILER_APPICON_NAME = AppIcon;
				INFOPLIST_FILE = "16-3-18-1scrollview/Info.plist";
				LD_RUNPATH_SEARCH_PATHS = "$(inherited) @executable_path/Frameworks";
				PRODUCT_BUNDLE_IDENTIFIER = "com.LuoZhan.-6-3-18-1scrollview";
				PRODUCT_NAME = "$(TARGET_NAME)";
			};
			name = Release;
		};
/* End XCBuildConfiguration section */

/* Begin XCConfigurationList section */
		8D01CEFD1C9BC2EE008F0EEB /* Build configuration list for PBXProject "16-3-18-1scrollview" */ = {
			isa = XCConfigurationList;
			buildConfigurations = (
				8D01CF171C9BC2EE008F0EEB /* Debug */,
				8D01CF181C9BC2EE008F0EEB /* Release */,
			);
			defaultConfigurationIsVisible = 0;
			defaultConfigurationName = Release;
		};
		8D01CF191C9BC2EE008F0EEB /* Build configuration list for PBXNativeTarget "16-3-18-1scrollview" */ = {
			isa = XCConfigurationList;
			buildConfigurations = (
				8D01CF1A1C9BC2EE008F0EEB /* Debug */,
				8D01CF1B1C9BC2EE008F0EEB /* Release */,
			);
			defaultConfigurationIsVisible = 0;
		};
/* End XCConfigurationList section */
	};
	rootObject = 8D01CEFA1C9BC2EE008F0EEB /* Project object */;
}
