// !$*UTF8*$!
{
	archiveVersion = 1;
	classes = {
	};
	objectVersion = 46;
	objects = {

/* Begin PBXBuildFile section */
		8DE147A71C8D53AD005E01B4 /* main.m in Sources */ = {isa = PBXBuildFile; fileRef = 8DE147A61C8D53AD005E01B4 /* main.m */; };
		8DE147AF1C8D5411005E01B4 /* fraction.m in Sources */ = {isa = PBXBuildFile; fileRef = 8DE147AE1C8D5411005E01B4 /* fraction.m */; };
/* End PBXBuildFile section */

/* Begin PBXCopyFilesBuildPhase section */
		8DE147A11C8D53AD005E01B4 /* CopyFiles */ = {
			isa = PBXCopyFilesBuildPhase;
			buildActionMask = 2147483647;
			dstPath = /usr/share/man/man1/;
			dstSubfolderSpec = 0;
			files = (
			);
			runOnlyForDeploymentPostprocessing = 1;
		};
/* End PBXCopyFilesBuildPhase section */

/* Begin PBXFileReference section */
		8DE147A31C8D53AD005E01B4 /* inclass16-3-7 */ = {isa = PBXFileReference; explicitFileType = "compiled.mach-o.executable"; includeInIndex = 0; path = "inclass16-3-7"; sourceTree = BUILT_PRODUCTS_DIR; };
		8DE147A61C8D53AD005E01B4 /* main.m */ = {isa = PBXFileReference; lastKnownFileType = sourcecode.c.objc; path = main.m; sourceTree = "<group>"; };
		8DE147AD1C8D5411005E01B4 /* fraction.h */ = {isa = PBXFileReference; fileEncoding = 4; lastKnownFileType = sourcecode.c.h; path = fraction.h; sourceTree = "<group>"; };
		8DE147AE1C8D5411005E01B4 /* fraction.m */ = {isa = PBXFileReference; fileEncoding = 4; lastKnownFileType = sourcecode.c.objc; path = fraction.m; sourceTree = "<group>"; };
/* End PBXFileReference section */

/* Begin PBXFrameworksBuildPhase section */
		8DE147A01C8D53AD005E01B4 /* Frameworks */ = {
			isa = PBXFrameworksBuildPhase;
			buildActionMask = 2147483647;
			files = (
			);
			runOnlyForDeploymentPostprocessing = 0;
		};
/* End PBXFrameworksBuildPhase section */

/* Begin PBXGroup section */
		8DE1479A1C8D53AD005E01B4 = {
			isa = PBXGroup;
			children = (
				8DE147A51C8D53AD005E01B4 /* inclass16-3-7 */,
				8DE147A41C8D53AD005E01B4 /* Products */,
			);
			sourceTree = "<group>";
		};
		8DE147A41C8D53AD005E01B4 /* Products */ = {
			isa = PBXGroup;
			children = (
				8DE147A31C8D53AD005E01B4 /* inclass16-3-7 */,
			);
			name = Products;
			sourceTree = "<group>";
		};
		8DE147A51C8D53AD005E01B4 /* inclass16-3-7 */ = {
			isa = PBXGroup;
			children = (
				8DE147A61C8D53AD005E01B4 /* main.m */,
				8DE147AD1C8D5411005E01B4 /* fraction.h */,
				8DE147AE1C8D5411005E01B4 /* fraction.m */,
			);
			path = "inclass16-3-7";
			sourceTree = "<group>";
		};
/* End PBXGroup section */

/* Begin PBXNativeTarget section */
		8DE147A21C8D53AD005E01B4 /* inclass16-3-7 */ = {
			isa = PBXNativeTarget;
			buildConfigurationList = 8DE147AA1C8D53AD005E01B4 /* Build configuration list for PBXNativeTarget "inclass16-3-7" */;
			buildPhases = (
				8DE1479F1C8D53AD005E01B4 /* Sources */,
				8DE147A01C8D53AD005E01B4 /* Frameworks */,
				8DE147A11C8D53AD005E01B4 /* CopyFiles */,
			);
			buildRules = (
			);
			dependencies = (
			);
			name = "inclass16-3-7";
			productName = "inclass16-3-7";
			productReference = 8DE147A31C8D53AD005E01B4 /* inclass16-3-7 */;
			productType = "com.apple.product-type.tool";
		};
/* End PBXNativeTarget section */

/* Begin PBXProject section */
		8DE1479B1C8D53AD005E01B4 /* Project object */ = {
			isa = PBXProject;
			attributes = {
				LastUpgradeCheck = 0720;
				ORGANIZATIONNAME = BrookZero;
				TargetAttributes = {
					8DE147A21C8D53AD005E01B4 = {
						CreatedOnToolsVersion = 7.2.1;
					};
				};
			};
			buildConfigurationList = 8DE1479E1C8D53AD005E01B4 /* Build configuration list for PBXProject "inclass16-3-7" */;
			compatibilityVersion = "Xcode 3.2";
			developmentRegion = English;
			hasScannedForEncodings = 0;
			knownRegions = (
				en,
			);
			mainGroup = 8DE1479A1C8D53AD005E01B4;
			productRefGroup = 8DE147A41C8D53AD005E01B4 /* Products */;
			projectDirPath = "";
			projectRoot = "";
			targets = (
				8DE147A21C8D53AD005E01B4 /* inclass16-3-7 */,
			);
		};
/* End PBXProject section */

/* Begin PBXSourcesBuildPhase section */
		8DE1479F1C8D53AD005E01B4 /* Sources */ = {
			isa = PBXSourcesBuildPhase;
			buildActionMask = 2147483647;
			files = (
				8DE147A71C8D53AD005E01B4 /* main.m in Sources */,
				8DE147AF1C8D5411005E01B4 /* fraction.m in Sources */,
			);
			runOnlyForDeploymentPostprocessing = 0;
		};
/* End PBXSourcesBuildPhase section */

/* Begin XCBuildConfiguration section */
		8DE147A81C8D53AD005E01B4 /* Debug */ = {
			isa = XCBuildConfiguration;
			buildSettings = {
				ALWAYS_SEARCH_USER_PATHS = NO;
				CLANG_CXX_LANGUAGE_STANDARD = "gnu++0x";
				CLANG_CXX_LIBRARY = "libc++";
				CLANG_ENABLE_MODULES = YES;
				CLANG_ENABLE_OBJC_ARC = YES;
				CLANG_WARN_BOOL_CONVERSION = YES;
				CLANG_WARN_CONSTANT_CONVERSION = YES;
				CLANG_WARN_DIRECT_OBJC_ISA_USAGE = YES_ERROR;
				CLANG_WARN_EMPTY_BODY = YES;
				CLANG_WARN_ENUM_CONVERSION = YES;
				CLANG_WARN_INT_CONVERSION = YES;
				CLANG_WARN_OBJC_ROOT_CLASS = YES_ERROR;
				CLANG_WARN_UNREACHABLE_CODE = YES;
				CLANG_WARN__DUPLICATE_METHOD_MATCH = YES;
				CODE_SIGN_IDENTITY = "-";
				COPY_PHASE_STRIP = NO;
				DEBUG_INFORMATION_FORMAT = dwarf;
				ENABLE_STRICT_OBJC_MSGSEND = YES;
				ENABLE_TESTABILITY = YES;
				GCC_C_LANGUAGE_STANDARD = gnu99;
				GCC_DYNAMIC_NO_PIC = NO;
				GCC_NO_COMMON_BLOCKS = YES;
				GCC_OPTIMIZATION_LEVEL = 0;
				GCC_PREPROCESSOR_DEFINITIONS = (
					"DEBUG=1",
					"$(inherited)",
				);
				GCC_WARN_64_TO_32_BIT_CONVERSION = YES;
				GCC_WARN_ABOUT_RETURN_TYPE = YES_ERROR;
				GCC_WARN_UNDECLARED_SELECTOR = YES;
				GCC_WARN_UNINITIALIZED_AUTOS = YES_AGGRESSIVE;
				GCC_WARN_UNUSED_FUNCTION = YES;
				GCC_WARN_UNUSED_VARIABLE = YES;
				MACOSX_DEPLOYMENT_TARGET = 10.11;
				MTL_ENABLE_DEBUG_INFO = YES;
				ONLY_ACTIVE_ARCH = YES;
				SDKROOT = macosx;
			};
			name = Debug;
		};
		8DE147A91C8D53AD005E01B4 /* Release */ = {
			isa = XCBuildConfiguration;
			buildSettings = {
				ALWAYS_SEARCH_USER_PATHS = NO;
				CLANG_CXX_LANGUAGE_STANDARD = "gnu++0x";
				CLANG_CXX_LIBRARY = "libc++";
				CLANG_ENABLE_MODULES = YES;
				CLANG_ENABLE_OBJC_ARC = YES;
				CLANG_WARN_BOOL_CONVERSION = YES;
				CLANG_WARN_CONSTANT_CONVERSION = YES;
				CLANG_WARN_DIRECT_OBJC_ISA_USAGE = YES_ERROR;
				CLANG_WARN_EMPTY_BODY = YES;
				CLANG_WARN_ENUM_CONVERSION = YES;
				CLANG_WARN_INT_CONVERSION = YES;
				CLANG_WARN_OBJC_ROOT_CLASS = YES_ERROR;
				CLANG_WARN_UNREACHABLE_CODE = YES;
				CLANG_WARN__DUPLICATE_METHOD_MATCH = YES;
				CODE_SIGN_IDENTITY = "-";
				COPY_PHASE_STRIP = NO;
				DEBUG_INFORMATION_FORMAT = "dwarf-with-dsym";
				ENABLE_NS_ASSERTIONS = NO;
				ENABLE_STRICT_OBJC_MSGSEND = YES;
				GCC_C_LANGUAGE_STANDARD = gnu99;
				GCC_NO_COMMON_BLOCKS = YES;
				GCC_WARN_64_TO_32_BIT_CONVERSION = YES;
				GCC_WARN_ABOUT_RETURN_TYPE = YES_ERROR;
				GCC_WARN_UNDECLARED_SELECTOR = YES;
				GCC_WARN_UNINITIALIZED_AUTOS = YES_AGGRESSIVE;
				GCC_WARN_UNUSED_FUNCTION = YES;
				GCC_WARN_UNUSED_VARIABLE = YES;
				MACOSX_DEPLOYMENT_TARGET = 10.11;
				MTL_ENABLE_DEBUG_INFO = NO;
				SDKROOT = macosx;
			};
			name = Release;
		};
		8DE147AB1C8D53AD005E01B4 /* Debug */ = {
			isa = XCBuildConfiguration;
			buildSettings = {
				PRODUCT_NAME = "$(TARGET_NAME)";
			};
			name = Debug;
		};
		8DE147AC1C8D53AD005E01B4 /* Release */ = {
			isa = XCBuildConfiguration;
			buildSettings = {
				PRODUCT_NAME = "$(TARGET_NAME)";
			};
			name = Release;
		};
/* End XCBuildConfiguration section */

/* Begin XCConfigurationList section */
		8DE1479E1C8D53AD005E01B4 /* Build configuration list for PBXProject "inclass16-3-7" */ = {
			isa = XCConfigurationList;
			buildConfigurations = (
				8DE147A81C8D53AD005E01B4 /* Debug */,
				8DE147A91C8D53AD005E01B4 /* Release */,
			);
			defaultConfigurationIsVisible = 0;
			defaultConfigurationName = Release;
		};
		8DE147AA1C8D53AD005E01B4 /* Build configuration list for PBXNativeTarget "inclass16-3-7" */ = {
			isa = XCConfigurationList;
			buildConfigurations = (
				8DE147AB1C8D53AD005E01B4 /* Debug */,
				8DE147AC1C8D53AD005E01B4 /* Release */,
			);
			defaultConfigurationIsVisible = 0;
		};
/* End XCConfigurationList section */
	};
	rootObject = 8DE1479B1C8D53AD005E01B4 /* Project object */;
}
