// !$*UTF8*$!
{
	archiveVersion = 1;
	classes = {
	};
	objectVersion = 46;
	objects = {

/* Begin PBXBuildFile section */
		8D3FA0AD1C930D7E0034D773 /* main.m in Sources */ = {isa = PBXBuildFile; fileRef = 8D3FA0AC1C930D7E0034D773 /* main.m */; };
		8D6BF9BE1C930DBF0073521A /* GraphicObject.m in Sources */ = {isa = PBXBuildFile; fileRef = 8D6BF9BD1C930DBF0073521A /* GraphicObject.m */; };
		8D6BF9C11C930E320073521A /* Rectangle.m in Sources */ = {isa = PBXBuildFile; fileRef = 8D6BF9C01C930E320073521A /* Rectangle.m */; };
		8D6BF9C41C930E7F0073521A /* Circle.m in Sources */ = {isa = PBXBuildFile; fileRef = 8D6BF9C31C930E7F0073521A /* Circle.m */; };
		8D6BF9C71C930E890073521A /* Triangle.m in Sources */ = {isa = PBXBuildFile; fileRef = 8D6BF9C61C930E890073521A /* Triangle.m */; };
/* End PBXBuildFile section */

/* Begin PBXCopyFilesBuildPhase section */
		8D3FA0A71C930D7E0034D773 /* CopyFiles */ = {
			isa = PBXCopyFilesBuildPhase;
			buildActionMask = 2147483647;
			dstPath = /usr/share/man/man1/;
			dstSubfolderSpec = 0;
			files = (
			);
			runOnlyForDeploymentPostprocessing = 1;
		};
/* End PBXCopyFilesBuildPhase section */

/* Begin PBXFileReference section */
		8D3FA0A91C930D7E0034D773 /* homework8-5-5 */ = {isa = PBXFileReference; explicitFileType = "compiled.mach-o.executable"; includeInIndex = 0; path = "homework8-5-5"; sourceTree = BUILT_PRODUCTS_DIR; };
		8D3FA0AC1C930D7E0034D773 /* main.m */ = {isa = PBXFileReference; lastKnownFileType = sourcecode.c.objc; path = main.m; sourceTree = "<group>"; };
		8D6BF9BC1C930DBF0073521A /* GraphicObject.h */ = {isa = PBXFileReference; fileEncoding = 4; lastKnownFileType = sourcecode.c.h; path = GraphicObject.h; sourceTree = "<group>"; };
		8D6BF9BD1C930DBF0073521A /* GraphicObject.m */ = {isa = PBXFileReference; fileEncoding = 4; lastKnownFileType = sourcecode.c.objc; path = GraphicObject.m; sourceTree = "<group>"; };
		8D6BF9BF1C930E320073521A /* Rectangle.h */ = {isa = PBXFileReference; fileEncoding = 4; lastKnownFileType = sourcecode.c.h; path = Rectangle.h; sourceTree = "<group>"; };
		8D6BF9C01C930E320073521A /* Rectangle.m */ = {isa = PBXFileReference; fileEncoding = 4; lastKnownFileType = sourcecode.c.objc; path = Rectangle.m; sourceTree = "<group>"; };
		8D6BF9C21C930E7F0073521A /* Circle.h */ = {isa = PBXFileReference; fileEncoding = 4; lastKnownFileType = sourcecode.c.h; path = Circle.h; sourceTree = "<group>"; };
		8D6BF9C31C930E7F0073521A /* Circle.m */ = {isa = PBXFileReference; fileEncoding = 4; lastKnownFileType = sourcecode.c.objc; path = Circle.m; sourceTree = "<group>"; };
		8D6BF9C51C930E890073521A /* Triangle.h */ = {isa = PBXFileReference; fileEncoding = 4; lastKnownFileType = sourcecode.c.h; path = Triangle.h; sourceTree = "<group>"; };
		8D6BF9C61C930E890073521A /* Triangle.m */ = {isa = PBXFileReference; fileEncoding = 4; lastKnownFileType = sourcecode.c.objc; path = Triangle.m; sourceTree = "<group>"; };
/* End PBXFileReference section */

/* Begin PBXFrameworksBuildPhase section */
		8D3FA0A61C930D7E0034D773 /* Frameworks */ = {
			isa = PBXFrameworksBuildPhase;
			buildActionMask = 2147483647;
			files = (
			);
			runOnlyForDeploymentPostprocessing = 0;
		};
/* End PBXFrameworksBuildPhase section */

/* Begin PBXGroup section */
		8D3FA0A01C930D7E0034D773 = {
			isa = PBXGroup;
			children = (
				8D3FA0AB1C930D7E0034D773 /* homework8-5-5 */,
				8D3FA0AA1C930D7E0034D773 /* Products */,
			);
			sourceTree = "<group>";
		};
		8D3FA0AA1C930D7E0034D773 /* Products */ = {
			isa = PBXGroup;
			children = (
				8D3FA0A91C930D7E0034D773 /* homework8-5-5 */,
			);
			name = Products;
			sourceTree = "<group>";
		};
		8D3FA0AB1C930D7E0034D773 /* homework8-5-5 */ = {
			isa = PBXGroup;
			children = (
				8D3FA0AC1C930D7E0034D773 /* main.m */,
				8D6BF9BC1C930DBF0073521A /* GraphicObject.h */,
				8D6BF9BD1C930DBF0073521A /* GraphicObject.m */,
				8D6BF9C21C930E7F0073521A /* Circle.h */,
				8D6BF9C31C930E7F0073521A /* Circle.m */,
				8D6BF9C51C930E890073521A /* Triangle.h */,
				8D6BF9C61C930E890073521A /* Triangle.m */,
				8D6BF9BF1C930E320073521A /* Rectangle.h */,
				8D6BF9C01C930E320073521A /* Rectangle.m */,
			);
			path = "homework8-5-5";
			sourceTree = "<group>";
		};
/* End PBXGroup section */

/* Begin PBXNativeTarget section */
		8D3FA0A81C930D7E0034D773 /* homework8-5-5 */ = {
			isa = PBXNativeTarget;
			buildConfigurationList = 8D3FA0B01C930D7E0034D773 /* Build configuration list for PBXNativeTarget "homework8-5-5" */;
			buildPhases = (
				8D3FA0A51C930D7E0034D773 /* Sources */,
				8D3FA0A61C930D7E0034D773 /* Frameworks */,
				8D3FA0A71C930D7E0034D773 /* CopyFiles */,
			);
			buildRules = (
			);
			dependencies = (
			);
			name = "homework8-5-5";
			productName = "homework8-5-5";
			productReference = 8D3FA0A91C930D7E0034D773 /* homework8-5-5 */;
			productType = "com.apple.product-type.tool";
		};
/* End PBXNativeTarget section */

/* Begin PBXProject section */
		8D3FA0A11C930D7E0034D773 /* Project object */ = {
			isa = PBXProject;
			attributes = {
				LastUpgradeCheck = 0720;
				ORGANIZATIONNAME = BrookZero;
				TargetAttributes = {
					8D3FA0A81C930D7E0034D773 = {
						CreatedOnToolsVersion = 7.2.1;
					};
				};
			};
			buildConfigurationList = 8D3FA0A41C930D7E0034D773 /* Build configuration list for PBXProject "homework8-5-5" */;
			compatibilityVersion = "Xcode 3.2";
			developmentRegion = English;
			hasScannedForEncodings = 0;
			knownRegions = (
				en,
			);
			mainGroup = 8D3FA0A01C930D7E0034D773;
			productRefGroup = 8D3FA0AA1C930D7E0034D773 /* Products */;
			projectDirPath = "";
			projectRoot = "";
			targets = (
				8D3FA0A81C930D7E0034D773 /* homework8-5-5 */,
			);
		};
/* End PBXProject section */

/* Begin PBXSourcesBuildPhase section */
		8D3FA0A51C930D7E0034D773 /* Sources */ = {
			isa = PBXSourcesBuildPhase;
			buildActionMask = 2147483647;
			files = (
				8D6BF9C71C930E890073521A /* Triangle.m in Sources */,
				8D3FA0AD1C930D7E0034D773 /* main.m in Sources */,
				8D6BF9C41C930E7F0073521A /* Circle.m in Sources */,
				8D6BF9BE1C930DBF0073521A /* GraphicObject.m in Sources */,
				8D6BF9C11C930E320073521A /* Rectangle.m in Sources */,
			);
			runOnlyForDeploymentPostprocessing = 0;
		};
/* End PBXSourcesBuildPhase section */

/* Begin XCBuildConfiguration section */
		8D3FA0AE1C930D7E0034D773 /* Debug */ = {
			isa = XCBuildConfiguration;
			buildSettings = {
				ALWAYS_SEARCH_USER_PATHS = NO;
				CLANG_CXX_LANGUAGE_STANDARD = "gnu++0x";
				CLANG_CXX_LIBRARY = "libc++";
				CLANG_ENABLE_MODULES = YES;
				CLANG_ENABLE_OBJC_ARC = YES;
				CLANG_WARN_BOOL_CONVERSION = YES;
				CLANG_WARN_CONSTANT_CONVERSION = YES;
				CLANG_WARN_DIRECT_OBJC_ISA_USAGE = YES_ERROR;
				CLANG_WARN_EMPTY_BODY = YES;
				CLANG_WARN_ENUM_CONVERSION = YES;
				CLANG_WARN_INT_CONVERSION = YES;
				CLANG_WARN_OBJC_ROOT_CLASS = YES_ERROR;
				CLANG_WARN_UNREACHABLE_CODE = YES;
				CLANG_WARN__DUPLICATE_METHOD_MATCH = YES;
				CODE_SIGN_IDENTITY = "-";
				COPY_PHASE_STRIP = NO;
				DEBUG_INFORMATION_FORMAT = dwarf;
				ENABLE_STRICT_OBJC_MSGSEND = YES;
				ENABLE_TESTABILITY = YES;
				GCC_C_LANGUAGE_STANDARD = gnu99;
				GCC_DYNAMIC_NO_PIC = NO;
				GCC_NO_COMMON_BLOCKS = YES;
				GCC_OPTIMIZATION_LEVEL = 0;
				GCC_PREPROCESSOR_DEFINITIONS = (
					"DEBUG=1",
					"$(inherited)",
				);
				GCC_WARN_64_TO_32_BIT_CONVERSION = YES;
				GCC_WARN_ABOUT_RETURN_TYPE = YES_ERROR;
				GCC_WARN_UNDECLARED_SELECTOR = YES;
				GCC_WARN_UNINITIALIZED_AUTOS = YES_AGGRESSIVE;
				GCC_WARN_UNUSED_FUNCTION = YES;
				GCC_WARN_UNUSED_VARIABLE = YES;
				MACOSX_DEPLOYMENT_TARGET = 10.11;
				MTL_ENABLE_DEBUG_INFO = YES;
				ONLY_ACTIVE_ARCH = YES;
				SDKROOT = macosx;
			};
			name = Debug;
		};
		8D3FA0AF1C930D7E0034D773 /* Release */ = {
			isa = XCBuildConfiguration;
			buildSettings = {
				ALWAYS_SEARCH_USER_PATHS = NO;
				CLANG_CXX_LANGUAGE_STANDARD = "gnu++0x";
				CLANG_CXX_LIBRARY = "libc++";
				CLANG_ENABLE_MODULES = YES;
				CLANG_ENABLE_OBJC_ARC = YES;
				CLANG_WARN_BOOL_CONVERSION = YES;
				CLANG_WARN_CONSTANT_CONVERSION = YES;
				CLANG_WARN_DIRECT_OBJC_ISA_USAGE = YES_ERROR;
				CLANG_WARN_EMPTY_BODY = YES;
				CLANG_WARN_ENUM_CONVERSION = YES;
				CLANG_WARN_INT_CONVERSION = YES;
				CLANG_WARN_OBJC_ROOT_CLASS = YES_ERROR;
				CLANG_WARN_UNREACHABLE_CODE = YES;
				CLANG_WARN__DUPLICATE_METHOD_MATCH = YES;
				CODE_SIGN_IDENTITY = "-";
				COPY_PHASE_STRIP = NO;
				DEBUG_INFORMATION_FORMAT = "dwarf-with-dsym";
				ENABLE_NS_ASSERTIONS = NO;
				ENABLE_STRICT_OBJC_MSGSEND = YES;
				GCC_C_LANGUAGE_STANDARD = gnu99;
				GCC_NO_COMMON_BLOCKS = YES;
				GCC_WARN_64_TO_32_BIT_CONVERSION = YES;
				GCC_WARN_ABOUT_RETURN_TYPE = YES_ERROR;
				GCC_WARN_UNDECLARED_SELECTOR = YES;
				GCC_WARN_UNINITIALIZED_AUTOS = YES_AGGRESSIVE;
				GCC_WARN_UNUSED_FUNCTION = YES;
				GCC_WARN_UNUSED_VARIABLE = YES;
				MACOSX_DEPLOYMENT_TARGET = 10.11;
				MTL_ENABLE_DEBUG_INFO = NO;
				SDKROOT = macosx;
			};
			name = Release;
		};
		8D3FA0B11C930D7E0034D773 /* Debug */ = {
			isa = XCBuildConfiguration;
			buildSettings = {
				PRODUCT_NAME = "$(TARGET_NAME)";
			};
			name = Debug;
		};
		8D3FA0B21C930D7E0034D773 /* Release */ = {
			isa = XCBuildConfiguration;
			buildSettings = {
				PRODUCT_NAME = "$(TARGET_NAME)";
			};
			name = Release;
		};
/* End XCBuildConfiguration section */

/* Begin XCConfigurationList section */
		8D3FA0A41C930D7E0034D773 /* Build configuration list for PBXProject "homework8-5-5" */ = {
			isa = XCConfigurationList;
			buildConfigurations = (
				8D3FA0AE1C930D7E0034D773 /* Debug */,
				8D3FA0AF1C930D7E0034D773 /* Release */,
			);
			defaultConfigurationIsVisible = 0;
			defaultConfigurationName = Release;
		};
		8D3FA0B01C930D7E0034D773 /* Build configuration list for PBXNativeTarget "homework8-5-5" */ = {
			isa = XCConfigurationList;
			buildConfigurations = (
				8D3FA0B11C930D7E0034D773 /* Debug */,
				8D3FA0B21C930D7E0034D773 /* Release */,
			);
			defaultConfigurationIsVisible = 0;
			defaultConfigurationName = Release;
		};
/* End XCConfigurationList section */
	};
	rootObject = 8D3FA0A11C930D7E0034D773 /* Project object */;
}
